
Microsoft Visual Studio Solution File, Format Version 12.00
# Visual Studio 15
VisualStudioVersion = 15.0.28307.960
MinimumVisualStudioVersion = 10.0.40219.1
Project("{FAE04EC0-301F-11D3-BF4B-00C04F79EFBC}") = "MobileApps971.Android", "MobileApps971\MobileApps971.Android\MobileApps971.Android.csproj", "{117CB280-806D-4255-BA1D-29D24AA0AB37}"
EndProject
Project("{FAE04EC0-301F-11D3-BF4B-00C04F79EFBC}") = "MobileApps971.iOS", "MobileApps971\MobileApps971.iOS\MobileApps971.iOS.csproj", "{844ADEB8-43BD-4A6F-B652-9600F6E4CF64}"
EndProject
Project("{FAE04EC0-301F-11D3-BF4B-00C04F79EFBC}") = "MobileApps971", "MobileApps971\MobileApps971\MobileApps971.csproj", "{76654024-D63F-478E-A91A-BEF117DA0E1F}"
EndProject
Global
	GlobalSection(SolutionConfigurationPlatforms) = preSolution
		Ad-Hoc|Any CPU = Ad-Hoc|Any CPU
		Ad-Hoc|iPhone = Ad-Hoc|iPhone
		Ad-Hoc|iPhoneSimulator = Ad-Hoc|iPhoneSimulator
		AppStore|Any CPU = AppStore|Any CPU
		AppStore|iPhone = AppStore|iPhone
		AppStore|iPhoneSimulator = AppStore|iPhoneSimulator
		Debug|Any CPU = Debug|Any CPU
		Debug|iPhone = Debug|iPhone
		Debug|iPhoneSimulator = Debug|iPhoneSimulator
		Release|Any CPU = Release|Any CPU
		Release|iPhone = Release|iPhone
		Release|iPhoneSimulator = Release|iPhoneSimulator
	EndGlobalSection
	GlobalSection(ProjectConfigurationPlatforms) = postSolution
		{117CB280-806D-4255-BA1D-29D24AA0AB37}.Ad-Hoc|Any CPU.ActiveCfg = Release|Any CPU
		{117CB280-806D-4255-BA1D-29D24AA0AB37}.Ad-Hoc|Any CPU.Build.0 = Release|Any CPU
		{117CB280-806D-4255-BA1D-29D24AA0AB37}.Ad-Hoc|Any CPU.Deploy.0 = Release|Any CPU
		{117CB280-806D-4255-BA1D-29D24AA0AB37}.Ad-Hoc|iPhone.ActiveCfg = Release|Any CPU
		{117CB280-806D-4255-BA1D-29D24AA0AB37}.Ad-Hoc|iPhone.Build.0 = Release|Any CPU
		{117CB280-806D-4255-BA1D-29D24AA0AB37}.Ad-Hoc|iPhone.Deploy.0 = Release|Any CPU
		{117CB280-806D-4255-BA1D-29D24AA0AB37}.Ad-Hoc|iPhoneSimulator.ActiveCfg = Release|Any CPU
		{117CB280-806D-4255-BA1D-29D24AA0AB37}.Ad-Hoc|iPhoneSimulator.Build.0 = Release|Any CPU
		{117CB280-806D-4255-BA1D-29D24AA0AB37}.Ad-Hoc|iPhoneSimulator.Deploy.0 = Release|Any CPU
		{117CB280-806D-4255-BA1D-29D24AA0AB37}.AppStore|Any CPU.ActiveCfg = Release|Any CPU
		{117CB280-806D-4255-BA1D-29D24AA0AB37}.AppStore|Any CPU.Build.0 = Release|Any CPU
		{117CB280-806D-4255-BA1D-29D24AA0AB37}.AppStore|Any CPU.Deploy.0 = Release|Any CPU
		{117CB280-806D-4255-BA1D-29D24AA0AB37}.AppStore|iPhone.ActiveCfg = Release|Any CPU
		{117CB280-806D-4255-BA1D-29D24AA0AB37}.AppStore|iPhone.Build.0 = Release|Any CPU
		{117CB280-806D-4255-BA1D-29D24AA0AB37}.AppStore|iPhone.Deploy.0 = Release|Any CPU
		{117CB280-806D-4255-BA1D-29D24AA0AB37}.AppStore|iPhoneSimulator.ActiveCfg = Release|Any CPU
		{117CB280-806D-4255-BA1D-29D24AA0AB37}.AppStore|iPhoneSimulator.Build.0 = Release|Any CPU
		{117CB280-806D-4255-BA1D-29D24AA0AB37}.AppStore|iPhoneSimulator.Deploy.0 = Release|Any CPU
		{117CB280-806D-4255-BA1D-29D24AA0AB37}.Debug|Any CPU.ActiveCfg = Debug|Any CPU
		{117CB280-806D-4255-BA1D-29D24AA0AB37}.Debug|Any CPU.Build.0 = Debug|Any CPU
		{117CB280-806D-4255-BA1D-29D24AA0AB37}.Debug|Any CPU.Deploy.0 = Debug|Any CPU
		{117CB280-806D-4255-BA1D-29D24AA0AB37}.Debug|iPhone.ActiveCfg = Debug|Any CPU
		{117CB280-806D-4255-BA1D-29D24AA0AB37}.Debug|iPhone.Build.0 = Debug|Any CPU
		{117CB280-806D-4255-BA1D-29D24AA0AB37}.Debug|iPhone.Deploy.0 = Debug|Any CPU
		{117CB280-806D-4255-BA1D-29D24AA0AB37}.Debug|iPhoneSimulator.ActiveCfg = Debug|Any CPU
		{117CB280-806D-4255-BA1D-29D24AA0AB37}.Debug|iPhoneSimulator.Build.0 = Debug|Any CPU
		{117CB280-806D-4255-BA1D-29D24AA0AB37}.Debug|iPhoneSimulator.Deploy.0 = Debug|Any CPU
		{117CB280-806D-4255-BA1D-29D24AA0AB37}.Release|Any CPU.ActiveCfg = Release|Any CPU
		{117CB280-806D-4255-BA1D-29D24AA0AB37}.Release|Any CPU.Build.0 = Release|Any CPU
		{117CB280-806D-4255-BA1D-29D24AA0AB37}.Release|Any CPU.Deploy.0 = Release|Any CPU
		{117CB280-806D-4255-BA1D-29D24AA0AB37}.Release|iPhone.ActiveCfg = Release|Any CPU
		{117CB280-806D-4255-BA1D-29D24AA0AB37}.Release|iPhone.Build.0 = Release|Any CPU
		{117CB280-806D-4255-BA1D-29D24AA0AB37}.Release|iPhone.Deploy.0 = Release|Any CPU
		{117CB280-806D-4255-BA1D-29D24AA0AB37}.Release|iPhoneSimulator.ActiveCfg = Release|Any CPU
		{117CB280-806D-4255-BA1D-29D24AA0AB37}.Release|iPhoneSimulator.Build.0 = Release|Any CPU
		{117CB280-806D-4255-BA1D-29D24AA0AB37}.Release|iPhoneSimulator.Deploy.0 = Release|Any CPU
		{844ADEB8-43BD-4A6F-B652-9600F6E4CF64}.Ad-Hoc|Any CPU.ActiveCfg = Ad-Hoc|iPhone
		{844ADEB8-43BD-4A6F-B652-9600F6E4CF64}.Ad-Hoc|Any CPU.Build.0 = Ad-Hoc|iPhone
		{844ADEB8-43BD-4A6F-B652-9600F6E4CF64}.Ad-Hoc|Any CPU.Deploy.0 = Ad-Hoc|iPhone
		{844ADEB8-43BD-4A6F-B652-9600F6E4CF64}.Ad-Hoc|iPhone.ActiveCfg = Ad-Hoc|iPhone
		{844ADEB8-43BD-4A6F-B652-9600F6E4CF64}.Ad-Hoc|iPhone.Build.0 = Ad-Hoc|iPhone
		{844ADEB8-43BD-4A6F-B652-9600F6E4CF64}.Ad-Hoc|iPhone.Deploy.0 = Ad-Hoc|iPhone
		{844ADEB8-43BD-4A6F-B652-9600F6E4CF64}.Ad-Hoc|iPhoneSimulator.ActiveCfg = Ad-Hoc|iPhoneSimulator
		{844ADEB8-43BD-4A6F-B652-9600F6E4CF64}.Ad-Hoc|iPhoneSimulator.Build.0 = Ad-Hoc|iPhoneSimulator
		{844ADEB8-43BD-4A6F-B652-9600F6E4CF64}.Ad-Hoc|iPhoneSimulator.Deploy.0 = Ad-Hoc|iPhoneSimulator
		{844ADEB8-43BD-4A6F-B652-9600F6E4CF64}.AppStore|Any CPU.ActiveCfg = AppStore|iPhone
		{844ADEB8-43BD-4A6F-B652-9600F6E4CF64}.AppStore|Any CPU.Build.0 = AppStore|iPhone
		{844ADEB8-43BD-4A6F-B652-9600F6E4CF64}.AppStore|Any CPU.Deploy.0 = AppStore|iPhone
		{844ADEB8-43BD-4A6F-B652-9600F6E4CF64}.AppStore|iPhone.ActiveCfg = AppStore|iPhone
		{844ADEB8-43BD-4A6F-B652-9600F6E4CF64}.AppStore|iPhone.Build.0 = AppStore|iPhone
		{844ADEB8-43BD-4A6F-B652-9600F6E4CF64}.AppStore|iPhone.Deploy.0 = AppStore|iPhone
		{844ADEB8-43BD-4A6F-B652-9600F6E4CF64}.AppStore|iPhoneSimulator.ActiveCfg = AppStore|iPhoneSimulator
		{844ADEB8-43BD-4A6F-B652-9600F6E4CF64}.AppStore|iPhoneSimulator.Build.0 = AppStore|iPhoneSimulator
		{844ADEB8-43BD-4A6F-B652-9600F6E4CF64}.AppStore|iPhoneSimulator.Deploy.0 = AppStore|iPhoneSimulator
		{844ADEB8-43BD-4A6F-B652-9600F6E4CF64}.Debug|Any CPU.ActiveCfg = Debug|iPhoneSimulator
		{844ADEB8-43BD-4A6F-B652-9600F6E4CF64}.Debug|Any CPU.Build.0 = Debug|iPhoneSimulator
		{844ADEB8-43BD-4A6F-B652-9600F6E4CF64}.Debug|Any CPU.Deploy.0 = Debug|iPhoneSimulator
		{844ADEB8-43BD-4A6F-B652-9600F6E4CF64}.Debug|iPhone.ActiveCfg = Debug|iPhone
		{844ADEB8-43BD-4A6F-B652-9600F6E4CF64}.Debug|iPhone.Build.0 = Debug|iPhone
		{844ADEB8-43BD-4A6F-B652-9600F6E4CF64}.Debug|iPhone.Deploy.0 = Debug|iPhone
		{844ADEB8-43BD-4A6F-B652-9600F6E4CF64}.Debug|iPhoneSimulator.ActiveCfg = Debug|iPhoneSimulator
		{844ADEB8-43BD-4A6F-B652-9600F6E4CF64}.Debug|iPhoneSimulator.Build.0 = Debug|iPhoneSimulator
		{844ADEB8-43BD-4A6F-B652-9600F6E4CF64}.Debug|iPhoneSimulator.Deploy.0 = Debug|iPhoneSimulator
		{844ADEB8-43BD-4A6F-B652-9600F6E4CF64}.Release|Any CPU.ActiveCfg = Release|iPhone
		{844ADEB8-43BD-4A6F-B652-9600F6E4CF64}.Release|Any CPU.Build.0 = Release|iPhone
		{844ADEB8-43BD-4A6F-B652-9600F6E4CF64}.Release|Any CPU.Deploy.0 = Release|iPhone
		{844ADEB8-43BD-4A6F-B652-9600F6E4CF64}.Release|iPhone.ActiveCfg = Release|iPhone
		{844ADEB8-43BD-4A6F-B652-9600F6E4CF64}.Release|iPhone.Build.0 = Release|iPhone
		{844ADEB8-43BD-4A6F-B652-9600F6E4CF64}.Release|iPhone.Deploy.0 = Release|iPhone
		{844ADEB8-43BD-4A6F-B652-9600F6E4CF64}.Release|iPhoneSimulator.ActiveCfg = Release|iPhoneSimulator
		{844ADEB8-43BD-4A6F-B652-9600F6E4CF64}.Release|iPhoneSimulator.Build.0 = Release|iPhoneSimulator
		{844ADEB8-43BD-4A6F-B652-9600F6E4CF64}.Release|iPhoneSimulator.Deploy.0 = Release|iPhoneSimulator
		{76654024-D63F-478E-A91A-BEF117DA0E1F}.Ad-Hoc|Any CPU.ActiveCfg = Debug|Any CPU
		{76654024-D63F-478E-A91A-BEF117DA0E1F}.Ad-Hoc|Any CPU.Build.0 = Debug|Any CPU
		{76654024-D63F-478E-A91A-BEF117DA0E1F}.Ad-Hoc|Any CPU.Deploy.0 = Debug|Any CPU
		{76654024-D63F-478E-A91A-BEF117DA0E1F}.Ad-Hoc|iPhone.ActiveCfg = Debug|Any CPU
		{76654024-D63F-478E-A91A-BEF117DA0E1F}.Ad-Hoc|iPhone.Build.0 = Debug|Any CPU
		{76654024-D63F-478E-A91A-BEF117DA0E1F}.Ad-Hoc|iPhone.Deploy.0 = Debug|Any CPU
		{76654024-D63F-478E-A91A-BEF117DA0E1F}.Ad-Hoc|iPhoneSimulator.ActiveCfg = Debug|Any CPU
		{76654024-D63F-478E-A91A-BEF117DA0E1F}.Ad-Hoc|iPhoneSimulator.Build.0 = Debug|Any CPU
		{76654024-D63F-478E-A91A-BEF117DA0E1F}.Ad-Hoc|iPhoneSimulator.Deploy.0 = Debug|Any CPU
		{76654024-D63F-478E-A91A-BEF117DA0E1F}.AppStore|Any CPU.ActiveCfg = Debug|Any CPU
		{76654024-D63F-478E-A91A-BEF117DA0E1F}.AppStore|Any CPU.Build.0 = Debug|Any CPU
		{76654024-D63F-478E-A91A-BEF117DA0E1F}.AppStore|Any CPU.Deploy.0 = Debug|Any CPU
		{76654024-D63F-478E-A91A-BEF117DA0E1F}.AppStore|iPhone.ActiveCfg = Debug|Any CPU
		{76654024-D63F-478E-A91A-BEF117DA0E1F}.AppStore|iPhone.Build.0 = Debug|Any CPU
		{76654024-D63F-478E-A91A-BEF117DA0E1F}.AppStore|iPhone.Deploy.0 = Debug|Any CPU
		{76654024-D63F-478E-A91A-BEF117DA0E1F}.AppStore|iPhoneSimulator.ActiveCfg = Debug|Any CPU
		{76654024-D63F-478E-A91A-BEF117DA0E1F}.AppStore|iPhoneSimulator.Build.0 = Debug|Any CPU
		{76654024-D63F-478E-A91A-BEF117DA0E1F}.AppStore|iPhoneSimulator.Deploy.0 = Debug|Any CPU
		{76654024-D63F-478E-A91A-BEF117DA0E1F}.Debug|Any CPU.ActiveCfg = Debug|Any CPU
		{76654024-D63F-478E-A91A-BEF117DA0E1F}.Debug|Any CPU.Build.0 = Debug|Any CPU
		{76654024-D63F-478E-A91A-BEF117DA0E1F}.Debug|Any CPU.Deploy.0 = Debug|Any CPU
		{76654024-D63F-478E-A91A-BEF117DA0E1F}.Debug|iPhone.ActiveCfg = Debug|Any CPU
		{76654024-D63F-478E-A91A-BEF117DA0E1F}.Debug|iPhone.Build.0 = Debug|Any CPU
		{76654024-D63F-478E-A91A-BEF117DA0E1F}.Debug|iPhone.Deploy.0 = Debug|Any CPU
		{76654024-D63F-478E-A91A-BEF117DA0E1F}.Debug|iPhoneSimulator.ActiveCfg = Debug|Any CPU
		{76654024-D63F-478E-A91A-BEF117DA0E1F}.Debug|iPhoneSimulator.Build.0 = Debug|Any CPU
		{76654024-D63F-478E-A91A-BEF117DA0E1F}.Debug|iPhoneSimulator.Deploy.0 = Debug|Any CPU
		{76654024-D63F-478E-A91A-BEF117DA0E1F}.Release|Any CPU.ActiveCfg = Release|Any CPU
		{76654024-D63F-478E-A91A-BEF117DA0E1F}.Release|Any CPU.Build.0 = Release|Any CPU
		{76654024-D63F-478E-A91A-BEF117DA0E1F}.Release|Any CPU.Deploy.0 = Release|Any CPU
		{76654024-D63F-478E-A91A-BEF117DA0E1F}.Release|iPhone.ActiveCfg = Release|Any CPU
		{76654024-D63F-478E-A91A-BEF117DA0E1F}.Release|iPhone.Build.0 = Release|Any CPU
		{76654024-D63F-478E-A91A-BEF117DA0E1F}.Release|iPhone.Deploy.0 = Release|Any CPU
		{76654024-D63F-478E-A91A-BEF117DA0E1F}.Release|iPhoneSimulator.ActiveCfg = Release|Any CPU
		{76654024-D63F-478E-A91A-BEF117DA0E1F}.Release|iPhoneSimulator.Build.0 = Release|Any CPU
		{76654024-D63F-478E-A91A-BEF117DA0E1F}.Release|iPhoneSimulator.Deploy.0 = Release|Any CPU
	EndGlobalSection
	GlobalSection(SolutionProperties) = preSolution
		HideSolutionNode = FALSE
	EndGlobalSection
	GlobalSection(ExtensibilityGlobals) = postSolution
		SolutionGuid = {F89F7826-9A7C-412B-9AF0-812A47A5EB8F}
	EndGlobalSection
EndGlobal
